<?xml version="1.0" encoding="utf-8"?>
<Project ToolsVersion="4.0" xmlns="http://schemas.microsoft.com/developer/msbuild/2003">
  <ItemGroup>
    <FxCompile Include="shaders.hlsl">
      <Filter>Shaders</Filter>
    </FxCompile>
    <FxCompile Include="scaledTextureVS.hlsl">
      <Filter>Shaders</Filter>
    </FxCompile>
    <FxCompile Include="SimplePixelShader.hlsl">
      <Filter>Shaders</Filter>
    </FxCompile>
    <FxCompile Include="TextVertexShader.hlsl">
      <Filter>Shaders</Filter>
    </FxCompile>
    <FxCompile Include="TextPixelShader.hlsl">
      <Filter>Shaders</Filter>
    </FxCompile>
  </ItemGroup>
  <ItemGroup>
    <ClCompile Include="main.cpp" />
    <ClCompile Include="Tanks3DGame.cpp" />
    <ClCompile Include="Camera.cpp">
      <Filter>Gameobjects</Filter>
    </ClCompile>
    <ClCompile Include="GameOverScene.cpp">
      <Filter>Scenes</Filter>
    </ClCompile>
    <ClCompile Include="GamePlayScene.cpp">
      <Filter>Scenes</Filter>
    </ClCompile>
    <ClCompile Include="PauseScene.cpp">
      <Filter>Scenes</Filter>
    </ClCompile>
    <ClCompile Include="MainMenuScene.cpp">
      <Filter>Scenes</Filter>
    </ClCompile>
    <ClCompile Include="TankControllerComponent.cpp">
      <Filter>Components</Filter>
    </ClCompile>
    <ClCompile Include="Tank.cpp">
      <Filter>Gameobjects</Filter>
    </ClCompile>
    <ClCompile Include="ATB.cpp">
      <Filter>Gameobjects</Filter>
    </ClCompile>
    <ClCompile Include="Ground.cpp">
      <Filter>Gameobjects</Filter>
    </ClCompile>
    <ClCompile Include="Shell.cpp">
      <Filter>Gameobjects</Filter>
    </ClCompile>
    <ClCompile Include="Arena.cpp">
      <Filter>Gameobjects</Filter>
    </ClCompile>
    <ClCompile Include="Obstacle.cpp">
      <Filter>Gameobjects</Filter>
    </ClCompile>
    <ClCompile Include="TankAIComponent.cpp">
      <Filter>Components</Filter>
    </ClCompile>
    <ClCompile Include="ScoreDisplay.cpp">
      <Filter>Gameobjects</Filter>
    </ClCompile>
    <ClCompile Include="TankNetworkComponent.cpp">
      <Filter>Components</Filter>
    </ClCompile>
    <ClCompile Include="ImGuiDebug.cpp">
      <Filter>Gameobjects</Filter>
    </ClCompile>
  </ItemGroup>
  <ItemGroup>
    <ClInclude Include="Tanks3DGame.h" />
    <ClInclude Include="Camera.h">
      <Filter>Gameobjects</Filter>
    </ClInclude>
    <ClInclude Include="GameOverScene.h">
      <Filter>Scenes</Filter>
    </ClInclude>
    <ClInclude Include="GamePlayScene.h">
      <Filter>Scenes</Filter>
    </ClInclude>
    <ClInclude Include="MainMenuScene.h">
      <Filter>Scenes</Filter>
    </ClInclude>
    <ClInclude Include="PauseScene.h">
      <Filter>Scenes</Filter>
    </ClInclude>
    <ClInclude Include="Components.h">
      <Filter>Components</Filter>
    </ClInclude>
    <ClInclude Include="TankControllerComponent.h">
      <Filter>Components</Filter>
    </ClInclude>
    <ClInclude Include="Tank.h">
      <Filter>Gameobjects</Filter>
    </ClInclude>
    <ClInclude Include="CollisionMatrix.h">
      <Filter>Gameobjects</Filter>
    </ClInclude>
    <ClInclude Include="ATB.h">
      <Filter>Gameobjects</Filter>
    </ClInclude>
    <ClInclude Include="Ground.h">
      <Filter>Gameobjects</Filter>
    </ClInclude>
    <ClInclude Include="Shell.h">
      <Filter>Gameobjects</Filter>
    </ClInclude>
    <ClInclude Include="Arena.h">
      <Filter>Gameobjects</Filter>
    </ClInclude>
    <ClInclude Include="Obstacle.h">
      <Filter>Gameobjects</Filter>
    </ClInclude>
    <ClInclude Include="TankAIComponent.h">
      <Filter>Components</Filter>
    </ClInclude>
    <ClInclude Include="ScoreDisplay.h">
      <Filter>Gameobjects</Filter>
    </ClInclude>
    <ClInclude Include="TankNetworkComponent.h">
      <Filter>Components</Filter>
    </ClInclude>
    <ClInclude Include="ImGuiDebug.h">
      <Filter>Gameobjects</Filter>
    </ClInclude>
  </ItemGroup>
  <ItemGroup>
    <Filter Include="Components">
      <UniqueIdentifier>{16260367-cfcb-4c49-8183-1b85d1c9a128}</UniqueIdentifier>
    </Filter>
    <Filter Include="Gameobjects">
      <UniqueIdentifier>{f8f4c4b8-8e96-4494-909a-b4f650fd2b98}</UniqueIdentifier>
    </Filter>
    <Filter Include="Scenes">
      <UniqueIdentifier>{dc8d2484-f280-44af-9a73-2848c7901c13}</UniqueIdentifier>
    </Filter>
    <Filter Include="Shaders">
      <UniqueIdentifier>{b8e17770-7794-4327-a46c-d72d0a345af5}</UniqueIdentifier>
    </Filter>
  </ItemGroup>
</Project>