<?xml version="1.0" encoding="utf-8"?>
<Project ToolsVersion="4.0" xmlns="http://schemas.microsoft.com/developer/msbuild/2003">
  <ItemGroup>
    <Filter Include="GameObjects">
      <UniqueIdentifier>{243ff1ac-6bb9-46dd-9f41-2198d58b34a3}</UniqueIdentifier>
    </Filter>
    <Filter Include="Components">
      <UniqueIdentifier>{eb18d007-079a-48e3-86ba-5a5528875194}</UniqueIdentifier>
    </Filter>
    <Filter Include="Scenes">
      <UniqueIdentifier>{d5a1c960-bf87-4e00-87f9-146cf0c51c3c}</UniqueIdentifier>
    </Filter>
  </ItemGroup>
  <ItemGroup>
    <ClCompile Include="Tank.cpp">
      <Filter>GameObjects</Filter>
    </ClCompile>
    <ClCompile Include="MultiRenderComponent.cpp">
      <Filter>Components</Filter>
    </ClCompile>
    <ClCompile Include="main.cpp" />
    <ClCompile Include="Tanks3DGame.cpp" />
    <ClCompile Include="MainMenuScene.cpp">
      <Filter>Scenes</Filter>
    </ClCompile>
    <ClCompile Include="WordDisplay.cpp">
      <Filter>GameObjects</Filter>
    </ClCompile>
    <ClCompile Include="LetterDisplay.cpp">
      <Filter>GameObjects</Filter>
    </ClCompile>
    <ClCompile Include="GameOverScene.cpp">
      <Filter>Scenes</Filter>
    </ClCompile>
    <ClCompile Include="GamePlayScene.cpp">
      <Filter>Scenes</Filter>
    </ClCompile>
    <ClCompile Include="ScoreDisplay.cpp">
      <Filter>GameObjects</Filter>
    </ClCompile>
    <ClCompile Include="DigitDisplay.cpp" />
    <ClCompile Include="PauseScene.cpp">
      <Filter>Scenes</Filter>
    </ClCompile>
    <ClCompile Include="Camera.cpp">
      <Filter>GameObjects</Filter>
    </ClCompile>
    <ClCompile Include="TankControllerComponent.cpp">
      <Filter>Components</Filter>
    </ClCompile>
  </ItemGroup>
  <ItemGroup>
    <ClInclude Include="Tank.h">
      <Filter>GameObjects</Filter>
    </ClInclude>
    <ClInclude Include="CollisionMatrix.h" />
    <ClInclude Include="Components.h">
      <Filter>Components</Filter>
    </ClInclude>
    <ClInclude Include="MultiRenderComponent.h">
      <Filter>Components</Filter>
    </ClInclude>
    <ClInclude Include="Tanks3DGame.h" />
    <ClInclude Include="MainMenuScene.h">
      <Filter>Scenes</Filter>
    </ClInclude>
    <ClInclude Include="WordDisplay.h">
      <Filter>GameObjects</Filter>
    </ClInclude>
    <ClInclude Include="LetterDisplay.h">
      <Filter>GameObjects</Filter>
    </ClInclude>
    <ClInclude Include="GameOverScene.h">
      <Filter>Scenes</Filter>
    </ClInclude>
    <ClInclude Include="GamePlayScene.h">
      <Filter>Scenes</Filter>
    </ClInclude>
    <ClInclude Include="ScoreDisplay.h">
      <Filter>GameObjects</Filter>
    </ClInclude>
    <ClInclude Include="DigitDisplay.h" />
    <ClInclude Include="PauseScene.h">
      <Filter>Scenes</Filter>
    </ClInclude>
    <ClInclude Include="Camera.h">
      <Filter>GameObjects</Filter>
    </ClInclude>
    <ClInclude Include="TankControllerComponent.h">
      <Filter>Components</Filter>
    </ClInclude>
  </ItemGroup>
  <ItemGroup>
    <FxCompile Include="shaders.hlsl" />
  </ItemGroup>
</Project>