<?xml version="1.0" encoding="utf-8"?>
<Project ToolsVersion="4.0" xmlns="http://schemas.microsoft.com/developer/msbuild/2003">
  <ItemGroup>
    <Filter Include="Platform Independent">
      <UniqueIdentifier>{a32007d9-dbe8-469b-82aa-20483b973dda}</UniqueIdentifier>
    </Filter>
    <Filter Include="Pattern Classes">
      <UniqueIdentifier>{93958613-47fb-4ce9-963c-c43984d4d4c2}</UniqueIdentifier>
    </Filter>
    <Filter Include="Messages">
      <UniqueIdentifier>{65c4480b-4ce4-4bcb-ae79-7c038f94dada}</UniqueIdentifier>
    </Filter>
    <Filter Include="Components">
      <UniqueIdentifier>{7581bdaa-3dfb-40c6-9c23-4dcd4bddd0da}</UniqueIdentifier>
    </Filter>
    <Filter Include="DirectX">
      <UniqueIdentifier>{56bc1502-13f0-45f3-a41e-cb87a73a2920}</UniqueIdentifier>
    </Filter>
    <Filter Include="Systems">
      <UniqueIdentifier>{ae2dc742-3edd-4836-948d-20b0f82575b5}</UniqueIdentifier>
    </Filter>
  </ItemGroup>
  <ItemGroup>
    <ClCompile Include="Message.cpp" />
    <ClCompile Include="ObserverSubject.cpp">
      <Filter>Pattern Classes</Filter>
    </ClCompile>
    <ClCompile Include="Game.cpp" />
    <ClCompile Include="GameObject.cpp" />
    <ClCompile Include="Window.cpp">
      <Filter>Platform Independent</Filter>
    </ClCompile>
    <ClCompile Include="Mesh.cpp">
      <Filter>Platform Independent</Filter>
    </ClCompile>
    <ClCompile Include="Texture.cpp">
      <Filter>Platform Independent</Filter>
    </ClCompile>
    <ClCompile Include="VBO.cpp">
      <Filter>Platform Independent</Filter>
    </ClCompile>
    <ClCompile Include="RenderComponent.cpp">
      <Filter>Components</Filter>
    </ClCompile>
    <ClCompile Include="Material.cpp">
      <Filter>Platform Independent</Filter>
    </ClCompile>
    <ClCompile Include="GameObjectComponent.cpp">
      <Filter>Components</Filter>
    </ClCompile>
    <ClCompile Include="KeyPressMessage.cpp">
      <Filter>Messages</Filter>
    </ClCompile>
    <ClCompile Include="Shader.cpp">
      <Filter>Platform Independent</Filter>
    </ClCompile>
    <ClCompile Include="Renderer_DX.cpp">
      <Filter>DirectX</Filter>
    </ClCompile>
    <ClCompile Include="VBO_DX.cpp">
      <Filter>DirectX</Filter>
    </ClCompile>
    <ClCompile Include="Window_DX.cpp">
      <Filter>DirectX</Filter>
    </ClCompile>
    <ClCompile Include="Renderer.cpp">
      <Filter>Platform Independent</Filter>
    </ClCompile>
    <ClCompile Include="SceneManager.cpp">
      <Filter>Pattern Classes</Filter>
    </ClCompile>
    <ClCompile Include="Scene.cpp">
      <Filter>Pattern Classes</Filter>
    </ClCompile>
    <ClCompile Include="RenderSystem.cpp">
      <Filter>Systems</Filter>
    </ClCompile>
    <ClCompile Include="System.cpp">
      <Filter>Systems</Filter>
    </ClCompile>
    <ClCompile Include="Texture_DX.cpp">
      <Filter>DirectX</Filter>
    </ClCompile>
    <ClCompile Include="PhysicsSystem.cpp">
      <Filter>Systems</Filter>
    </ClCompile>
    <ClCompile Include="PhysicsComponent.cpp">
      <Filter>Components</Filter>
    </ClCompile>
    <ClCompile Include="CollisionSystem.cpp">
      <Filter>Systems</Filter>
    </ClCompile>
    <ClCompile Include="CollisionComponent.cpp">
      <Filter>Components</Filter>
    </ClCompile>
    <ClCompile Include="ThrustMessage.cpp">
      <Filter>Messages</Filter>
    </ClCompile>
    <ClCompile Include="CollisionMessage.cpp">
      <Filter>Messages</Filter>
    </ClCompile>
    <ClCompile Include="DDSTextureLoader.cpp">
      <Filter>DirectX</Filter>
    </ClCompile>
    <ClCompile Include="CameraComponent.cpp">
      <Filter>Components</Filter>
    </ClCompile>
    <ClCompile Include="UserInputComponent.cpp">
      <Filter>Components</Filter>
    </ClCompile>
    <ClCompile Include="NetworkComponent.cpp">
      <Filter>Components</Filter>
    </ClCompile>
    <ClCompile Include="NetworkSystem.cpp">
      <Filter>Systems</Filter>
    </ClCompile>
    <ClCompile Include="Socket.cpp">
      <Filter>Platform Independent</Filter>
    </ClCompile>
    <ClCompile Include="ConnectMessage.cpp">
      <Filter>Messages</Filter>
    </ClCompile>
    <ClCompile Include="ATBComponent.cpp">
      <Filter>Components</Filter>
    </ClCompile>
    <ClCompile Include="UDPSocket.cpp">
      <Filter>Platform Independent</Filter>
    </ClCompile>
    <ClCompile Include="TCPSocket.cpp">
      <Filter>Platform Independent</Filter>
    </ClCompile>
    <ClCompile Include="NetworkMessage.cpp">
      <Filter>Messages</Filter>
    </ClCompile>
    <ClCompile Include="Timer.cpp">
      <Filter>Platform Independent</Filter>
    </ClCompile>
    <ClCompile Include="LifeTimerComponent.cpp">
      <Filter>Components</Filter>
    </ClCompile>
    <ClCompile Include="DeadObjectMessage.cpp">
      <Filter>Messages</Filter>
    </ClCompile>
    <ClCompile Include="MouseClickMessage.cpp">
      <Filter>Messages</Filter>
    </ClCompile>
    <ClCompile Include="AIComponent.cpp">
      <Filter>Components</Filter>
    </ClCompile>
    <ClCompile Include="Shader_DX.cpp">
      <Filter>DirectX</Filter>
    </ClCompile>
    <ClCompile Include="Font.cpp">
      <Filter>Platform Independent</Filter>
    </ClCompile>
    <ClCompile Include="Text.cpp">
      <Filter>Platform Independent</Filter>
    </ClCompile>
    <ClCompile Include="Logger.cpp" />
  </ItemGroup>
  <ItemGroup>
    <ClInclude Include="MathsHelper.h" />
    <ClInclude Include="Observer.h">
      <Filter>Pattern Classes</Filter>
    </ClInclude>
    <ClInclude Include="Message.h" />
    <ClInclude Include="ObserverSubject.h">
      <Filter>Pattern Classes</Filter>
    </ClInclude>
    <ClInclude Include="Game.h" />
    <ClInclude Include="GameObject.h" />
    <ClInclude Include="Window.h">
      <Filter>Platform Independent</Filter>
    </ClInclude>
    <ClInclude Include="Mesh.h">
      <Filter>Platform Independent</Filter>
    </ClInclude>
    <ClInclude Include="Texture.h">
      <Filter>Platform Independent</Filter>
    </ClInclude>
    <ClInclude Include="VBO.h">
      <Filter>Platform Independent</Filter>
    </ClInclude>
    <ClInclude Include="Vertex.h">
      <Filter>Platform Independent</Filter>
    </ClInclude>
    <ClInclude Include="RenderComponent.h">
      <Filter>Components</Filter>
    </ClInclude>
    <ClInclude Include="Material.h">
      <Filter>Platform Independent</Filter>
    </ClInclude>
    <ClInclude Include="GameObjectComponent.h">
      <Filter>Components</Filter>
    </ClInclude>
    <ClInclude Include="KeyPressMessage.h">
      <Filter>Messages</Filter>
    </ClInclude>
    <ClInclude Include="Shader.h">
      <Filter>Platform Independent</Filter>
    </ClInclude>
    <ClInclude Include="Renderer_DX.h">
      <Filter>DirectX</Filter>
    </ClInclude>
    <ClInclude Include="VBO_DX.h">
      <Filter>DirectX</Filter>
    </ClInclude>
    <ClInclude Include="Window_DX.h">
      <Filter>DirectX</Filter>
    </ClInclude>
    <ClInclude Include="Renderer.h">
      <Filter>Platform Independent</Filter>
    </ClInclude>
    <ClInclude Include="SceneManager.h">
      <Filter>Pattern Classes</Filter>
    </ClInclude>
    <ClInclude Include="Scene.h">
      <Filter>Pattern Classes</Filter>
    </ClInclude>
    <ClInclude Include="RenderSystem.h">
      <Filter>Systems</Filter>
    </ClInclude>
    <ClInclude Include="System.h">
      <Filter>Systems</Filter>
    </ClInclude>
    <ClInclude Include="Texture_DX.h">
      <Filter>DirectX</Filter>
    </ClInclude>
    <ClInclude Include="PhysicsSystem.h">
      <Filter>Systems</Filter>
    </ClInclude>
    <ClInclude Include="PhysicsComponent.h">
      <Filter>Components</Filter>
    </ClInclude>
    <ClInclude Include="CollisionSystem.h">
      <Filter>Systems</Filter>
    </ClInclude>
    <ClInclude Include="CollisionComponent.h">
      <Filter>Components</Filter>
    </ClInclude>
    <ClInclude Include="ThrustMessage.h">
      <Filter>Messages</Filter>
    </ClInclude>
    <ClInclude Include="CollisionMessage.h">
      <Filter>Messages</Filter>
    </ClInclude>
    <ClInclude Include="DDSTextureLoader.h">
      <Filter>DirectX</Filter>
    </ClInclude>
    <ClInclude Include="Logger.h" />
    <ClInclude Include="CameraComponent.h">
      <Filter>Components</Filter>
    </ClInclude>
    <ClInclude Include="UserInputComponent.h">
      <Filter>Components</Filter>
    </ClInclude>
    <ClInclude Include="NetworkComponent.h">
      <Filter>Components</Filter>
    </ClInclude>
    <ClInclude Include="NetworkSystem.h">
      <Filter>Systems</Filter>
    </ClInclude>
    <ClInclude Include="Socket.h">
      <Filter>Platform Independent</Filter>
    </ClInclude>
    <ClInclude Include="ConnectMessage.h">
      <Filter>Messages</Filter>
    </ClInclude>
    <ClInclude Include="ATBComponent.h">
      <Filter>Components</Filter>
    </ClInclude>
    <ClInclude Include="UDPSocket.h">
      <Filter>Platform Independent</Filter>
    </ClInclude>
    <ClInclude Include="TCPSocket.h">
      <Filter>Platform Independent</Filter>
    </ClInclude>
    <ClInclude Include="NetworkMessage.h">
      <Filter>Messages</Filter>
    </ClInclude>
    <ClInclude Include="Timer.h">
      <Filter>Platform Independent</Filter>
    </ClInclude>
    <ClInclude Include="LifeTimerComponent.h">
      <Filter>Components</Filter>
    </ClInclude>
    <ClInclude Include="DeadObjectMessage.h">
      <Filter>Messages</Filter>
    </ClInclude>
    <ClInclude Include="MouseClickMessage.h">
      <Filter>Messages</Filter>
    </ClInclude>
    <ClInclude Include="AIComponent.h">
      <Filter>Components</Filter>
    </ClInclude>
    <ClInclude Include="Shader_DX.h">
      <Filter>DirectX</Filter>
    </ClInclude>
    <ClInclude Include="Font.h">
      <Filter>Platform Independent</Filter>
    </ClInclude>
    <ClInclude Include="Text.h">
      <Filter>Platform Independent</Filter>
    </ClInclude>
  </ItemGroup>
</Project>